// !$*UTF8*$!
{
	archiveVersion = 1;
	classes = {
	};
	objectVersion = 56;
	objects = {

/* Begin PBXBuildFile section */
		8467B73B29AD7313000FD777 /* EdTechPlatformApp.swift in Sources */ = {isa = PBXBuildFile; fileRef = 8467B73A29AD7313000FD777 /* EdTechPlatformApp.swift */; };
		8467B73D29AD7313000FD777 /* HomeView.swift in Sources */ = {isa = PBXBuildFile; fileRef = 8467B73C29AD7313000FD777 /* HomeView.swift */; };
		8467B73F29AD7318000FD777 /* Assets.xcassets in Resources */ = {isa = PBXBuildFile; fileRef = 8467B73E29AD7318000FD777 /* Assets.xcassets */; };
		8467B74229AD7318000FD777 /* Preview Assets.xcassets in Resources */ = {isa = PBXBuildFile; fileRef = 8467B74129AD7318000FD777 /* Preview Assets.xcassets */; };
		8467B74B29AD7865000FD777 /* ContentModel.swift in Sources */ = {isa = PBXBuildFile; fileRef = 8467B74A29AD7865000FD777 /* ContentModel.swift */; };
		8467B75629AFF1B7000FD777 /* Models.swift in Sources */ = {isa = PBXBuildFile; fileRef = 8467B75529AFF1B7000FD777 /* Models.swift */; };
		8467B75C29B690C7000FD777 /* HomeViewRow.swift in Sources */ = {isa = PBXBuildFile; fileRef = 8467B75B29B690C7000FD777 /* HomeViewRow.swift */; };
		BB83C1E529CBA6E9006FA71A /* ContentView.swift in Sources */ = {isa = PBXBuildFile; fileRef = BB83C1E429CBA6E9006FA71A /* ContentView.swift */; };
/* End PBXBuildFile section */

/* Begin PBXFileReference section */
		8467B73729AD7313000FD777 /* EdTechPlatformApp.app */ = {isa = PBXFileReference; explicitFileType = wrapper.application; includeInIndex = 0; path = EdTechPlatformApp.app; sourceTree = BUILT_PRODUCTS_DIR; };
		8467B73A29AD7313000FD777 /* EdTechPlatformApp.swift */ = {isa = PBXFileReference; lastKnownFileType = sourcecode.swift; path = EdTechPlatformApp.swift; sourceTree = "<group>"; };
		8467B73C29AD7313000FD777 /* HomeView.swift */ = {isa = PBXFileReference; lastKnownFileType = sourcecode.swift; path = HomeView.swift; sourceTree = "<group>"; };
		8467B73E29AD7318000FD777 /* Assets.xcassets */ = {isa = PBXFileReference; lastKnownFileType = folder.assetcatalog; path = Assets.xcassets; sourceTree = "<group>"; };
		8467B74129AD7318000FD777 /* Preview Assets.xcassets */ = {isa = PBXFileReference; lastKnownFileType = folder.assetcatalog; path = "Preview Assets.xcassets"; sourceTree = "<group>"; };
		8467B74A29AD7865000FD777 /* ContentModel.swift */ = {isa = PBXFileReference; lastKnownFileType = sourcecode.swift; path = ContentModel.swift; sourceTree = "<group>"; };
		8467B75529AFF1B7000FD777 /* Models.swift */ = {isa = PBXFileReference; lastKnownFileType = sourcecode.swift; path = Models.swift; sourceTree = "<group>"; };
		8467B75B29B690C7000FD777 /* HomeViewRow.swift */ = {isa = PBXFileReference; lastKnownFileType = sourcecode.swift; path = HomeViewRow.swift; sourceTree = "<group>"; };
		BB83C1E329CBA3C3006FA71A /* data.json */ = {isa = PBXFileReference; lastKnownFileType = text.json; path = data.json; sourceTree = "<group>"; };
		BB83C1E429CBA6E9006FA71A /* ContentView.swift */ = {isa = PBXFileReference; fileEncoding = 4; lastKnownFileType = sourcecode.swift; name = ContentView.swift; path = "../../../../Downloads/EdTechPlatformApp Mar9 complete/EdTechPlatformApp/Views/ContentView.swift"; sourceTree = "<group>"; };
/* End PBXFileReference section */

/* Begin PBXFrameworksBuildPhase section */
		8467B73429AD7313000FD777 /* Frameworks */ = {
			isa = PBXFrameworksBuildPhase;
			buildActionMask = 2147483647;
			files = (
			);
			runOnlyForDeploymentPostprocessing = 0;
		};
/* End PBXFrameworksBuildPhase section */

/* Begin PBXGroup section */
		8467B72E29AD7313000FD777 = {
			isa = PBXGroup;
			children = (
				8467B73929AD7313000FD777 /* EdTechPlatformApp */,
				8467B73829AD7313000FD777 /* Products */,
			);
			sourceTree = "<group>";
		};
		8467B73829AD7313000FD777 /* Products */ = {
			isa = PBXGroup;
			children = (
				8467B73729AD7313000FD777 /* EdTechPlatformApp.app */,
			);
			name = Products;
			sourceTree = "<group>";
		};
		8467B73929AD7313000FD777 /* EdTechPlatformApp */ = {
			isa = PBXGroup;
			children = (
				8467B73A29AD7313000FD777 /* EdTechPlatformApp.swift */,
				8467B74829AD782D000FD777 /* Views */,
				8467B73C29AD7313000FD777 /* HomeView.swift */,
				8467B75B29B690C7000FD777 /* HomeViewRow.swift */,
				BB83C1E429CBA6E9006FA71A /* ContentView.swift */,
				8467B74929AD7844000FD777 /* ViewModels */,
				8467B74D29AD788A000FD777 /* Resources */,
				8467B75229AD791F000FD777 /* Helpers */,
				8467B74029AD7318000FD777 /* Preview Content */,
			);
			path = EdTechPlatformApp;
			sourceTree = "<group>";
		};
		8467B74029AD7318000FD777 /* Preview Content */ = {
			isa = PBXGroup;
			children = (
				8467B74129AD7318000FD777 /* Preview Assets.xcassets */,
			);
			path = "Preview Content";
			sourceTree = "<group>";
		};
		8467B74829AD782D000FD777 /* Views */ = {
			isa = PBXGroup;
			children = (
			);
			path = Views;
			sourceTree = "<group>";
		};
		8467B74929AD7844000FD777 /* ViewModels */ = {
			isa = PBXGroup;
			children = (
				8467B74A29AD7865000FD777 /* ContentModel.swift */,
				8467B74C29AD7878000FD777 /* Models */,
			);
			path = ViewModels;
			sourceTree = "<group>";
		};
		8467B74C29AD7878000FD777 /* Models */ = {
			isa = PBXGroup;
			children = (
				8467B75529AFF1B7000FD777 /* Models.swift */,
			);
			path = Models;
			sourceTree = "<group>";
		};
		8467B74D29AD788A000FD777 /* Resources */ = {
			isa = PBXGroup;
			children = (
				BB83C1E329CBA3C3006FA71A /* data.json */,
			);
			path = Resources;
			sourceTree = "<group>";
		};
		8467B75229AD791F000FD777 /* Helpers */ = {
			isa = PBXGroup;
			children = (
				8467B73E29AD7318000FD777 /* Assets.xcassets */,
			);
			path = Helpers;
			sourceTree = "<group>";
		};
/* End PBXGroup section */

/* Begin PBXNativeTarget section */
		8467B73629AD7313000FD777 /* EdTechPlatformApp */ = {
			isa = PBXNativeTarget;
			buildConfigurationList = 8467B74529AD7318000FD777 /* Build configuration list for PBXNativeTarget "EdTechPlatformApp" */;
			buildPhases = (
				8467B73329AD7313000FD777 /* Sources */,
				8467B73429AD7313000FD777 /* Frameworks */,
				8467B73529AD7313000FD777 /* Resources */,
			);
			buildRules = (
			);
			dependencies = (
			);
			name = EdTechPlatformApp;
			productName = EdTechPlatformApp;
			productReference = 8467B73729AD7313000FD777 /* EdTechPlatformApp.app */;
			productType = "com.apple.product-type.application";
		};
/* End PBXNativeTarget section */

/* Begin PBXProject section */
		8467B72F29AD7313000FD777 /* Project object */ = {
			isa = PBXProject;
			attributes = {
				BuildIndependentTargetsInParallel = 1;
				LastSwiftUpdateCheck = 1420;
				LastUpgradeCheck = 1420;
				TargetAttributes = {
					8467B73629AD7313000FD777 = {
						CreatedOnToolsVersion = 14.2;
					};
				};
			};
			buildConfigurationList = 8467B73229AD7313000FD777 /* Build configuration list for PBXProject "EdTechPlatformApp" */;
			compatibilityVersion = "Xcode 14.0";
			developmentRegion = en;
			hasScannedForEncodings = 0;
			knownRegions = (
				en,
				Base,
			);
			mainGroup = 8467B72E29AD7313000FD777;
			productRefGroup = 8467B73829AD7313000FD777 /* Products */;
			projectDirPath = "";
			projectRoot = "";
			targets = (
				8467B73629AD7313000FD777 /* EdTechPlatformApp */,
			);
		};
/* End PBXProject section */

/* Begin PBXResourcesBuildPhase section */
		8467B73529AD7313000FD777 /* Resources */ = {
			isa = PBXResourcesBuildPhase;
			buildActionMask = 2147483647;
			files = (
				8467B74229AD7318000FD777 /* Preview Assets.xcassets in Resources */,
				8467B73F29AD7318000FD777 /* Assets.xcassets in Resources */,
			);
			runOnlyForDeploymentPostprocessing = 0;
		};
/* End PBXResourcesBuildPhase section */

/* Begin PBXSourcesBuildPhase section */
		8467B73329AD7313000FD777 /* Sources */ = {
			isa = PBXSourcesBuildPhase;
			buildActionMask = 2147483647;
			files = (
				8467B73D29AD7313000FD777 /* HomeView.swift in Sources */,
				8467B75C29B690C7000FD777 /* HomeViewRow.swift in Sources */,
				BB83C1E529CBA6E9006FA71A /* ContentView.swift in Sources */,
				8467B73B29AD7313000FD777 /* EdTechPlatformApp.swift in Sources */,
				8467B74B29AD7865000FD777 /* ContentModel.swift in Sources */,
				8467B75629AFF1B7000FD777 /* Models.swift in Sources */,
			);
			runOnlyForDeploymentPostprocessing = 0;
		};
/* End PBXSourcesBuildPhase section */

/* Begin XCBuildConfiguration section */
		8467B74329AD7318000FD777 /* Debug */ = {
			isa = XCBuildConfiguration;
			buildSettings = {
				ALWAYS_SEARCH_USER_PATHS = NO;
				CLANG_ANALYZER_NONNULL = YES;
				CLANG_ANALYZER_NUMBER_OBJECT_CONVERSION = YES_AGGRESSIVE;
				CLANG_CXX_LANGUAGE_STANDARD = "gnu++20";
				CLANG_ENABLE_MODULES = YES;
				CLANG_ENABLE_OBJC_ARC = YES;
				CLANG_ENABLE_OBJC_WEAK = YES;
				CLANG_WARN_BLOCK_CAPTURE_AUTORELEASING = YES;
				CLANG_WARN_BOOL_CONVERSION = YES;
				CLANG_WARN_COMMA = YES;
				CLANG_WARN_CONSTANT_CONVERSION = YES;
				CLANG_WARN_DEPRECATED_OBJC_IMPLEMENTATIONS = YES;
				CLANG_WARN_DIRECT_OBJC_ISA_USAGE = YES_ERROR;
				CLANG_WARN_DOCUMENTATION_COMMENTS = YES;
				CLANG_WARN_EMPTY_BODY = YES;
				CLANG_WARN_ENUM_CONVERSION = YES;
				CLANG_WARN_INFINITE_RECURSION = YES;
				CLANG_WARN_INT_CONVERSION = YES;
				CLANG_WARN_NON_LITERAL_NULL_CONVERSION = YES;
				CLANG_WARN_OBJC_IMPLICIT_RETAIN_SELF = YES;
				CLANG_WARN_OBJC_LITERAL_CONVERSION = YES;
				CLANG_WARN_OBJC_ROOT_CLASS = YES_ERROR;
				CLANG_WARN_QUOTED_INCLUDE_IN_FRAMEWORK_HEADER = YES;
				CLANG_WARN_RANGE_LOOP_ANALYSIS = YES;
				CLANG_WARN_STRICT_PROTOTYPES = YES;
				CLANG_WARN_SUSPICIOUS_MOVE = YES;
				CLANG_WARN_UNGUARDED_AVAILABILITY = YES_AGGRESSIVE;
				CLANG_WARN_UNREACHABLE_CODE = YES;
				CLANG_WARN__DUPLICATE_METHOD_MATCH = YES;
				COPY_PHASE_STRIP = NO;
				DEBUG_INFORMATION_FORMAT = dwarf;
				ENABLE_STRICT_OBJC_MSGSEND = YES;
				ENABLE_TESTABILITY = YES;
				GCC_C_LANGUAGE_STANDARD = gnu11;
				GCC_DYNAMIC_NO_PIC = NO;
				GCC_NO_COMMON_BLOCKS = YES;
				GCC_OPTIMIZATION_LEVEL = 0;
				GCC_PREPROCESSOR_DEFINITIONS = (
					"DEBUG=1",
					"$(inherited)",
				);
				GCC_WARN_64_TO_32_BIT_CONVERSION = YES;
				GCC_WARN_ABOUT_RETURN_TYPE = YES_ERROR;
				GCC_WARN_UNDECLARED_SELECTOR = YES;
				GCC_WARN_UNINITIALIZED_AUTOS = YES_AGGRESSIVE;
				GCC_WARN_UNUSED_FUNCTION = YES;
				GCC_WARN_UNUSED_VARIABLE = YES;
				IPHONEOS_DEPLOYMENT_TARGET = 16.2;
				MTL_ENABLE_DEBUG_INFO = INCLUDE_SOURCE;
				MTL_FAST_MATH = YES;
				ONLY_ACTIVE_ARCH = YES;
				SDKROOT = iphoneos;
				SWIFT_ACTIVE_COMPILATION_CONDITIONS = DEBUG;
				SWIFT_OPTIMIZATION_LEVEL = "-Onone";
			};
			name = Debug;
		};
		8467B74429AD7318000FD777 /* Release */ = {
			isa = XCBuildConfiguration;
			buildSettings = {
				ALWAYS_SEARCH_USER_PATHS = NO;
				CLANG_ANALYZER_NONNULL = YES;
				CLANG_ANALYZER_NUMBER_OBJECT_CONVERSION = YES_AGGRESSIVE;
				CLANG_CXX_LANGUAGE_STANDARD = "gnu++20";
				CLANG_ENABLE_MODULES = YES;
				CLANG_ENABLE_OBJC_ARC = YES;
				CLANG_ENABLE_OBJC_WEAK = YES;
				CLANG_WARN_BLOCK_CAPTURE_AUTORELEASING = YES;
				CLANG_WARN_BOOL_CONVERSION = YES;
				CLANG_WARN_COMMA = YES;
				CLANG_WARN_CONSTANT_CONVERSION = YES;
				CLANG_WARN_DEPRECATED_OBJC_IMPLEMENTATIONS = YES;
				CLANG_WARN_DIRECT_OBJC_ISA_USAGE = YES_ERROR;
				CLANG_WARN_DOCUMENTATION_COMMENTS = YES;
				CLANG_WARN_EMPTY_BODY = YES;
				CLANG_WARN_ENUM_CONVERSION = YES;
				CLANG_WARN_INFINITE_RECURSION = YES;
				CLANG_WARN_INT_CONVERSION = YES;
				CLANG_WARN_NON_LITERAL_NULL_CONVERSION = YES;
				CLANG_WARN_OBJC_IMPLICIT_RETAIN_SELF = YES;
				CLANG_WARN_OBJC_LITERAL_CONVERSION = YES;
				CLANG_WARN_OBJC_ROOT_CLASS = YES_ERROR;
				CLANG_WARN_QUOTED_INCLUDE_IN_FRAMEWORK_HEADER = YES;
				CLANG_WARN_RANGE_LOOP_ANALYSIS = YES;
				CLANG_WARN_STRICT_PROTOTYPES = YES;
				CLANG_WARN_SUSPICIOUS_MOVE = YES;
				CLANG_WARN_UNGUARDED_AVAILABILITY = YES_AGGRESSIVE;
				CLANG_WARN_UNREACHABLE_CODE = YES;
				CLANG_WARN__DUPLICATE_METHOD_MATCH = YES;
				COPY_PHASE_STRIP = NO;
				DEBUG_INFORMATION_FORMAT = "dwarf-with-dsym";
				ENABLE_NS_ASSERTIONS = NO;
				ENABLE_STRICT_OBJC_MSGSEND = YES;
				GCC_C_LANGUAGE_STANDARD = gnu11;
				GCC_NO_COMMON_BLOCKS = YES;
				GCC_WARN_64_TO_32_BIT_CONVERSION = YES;
				GCC_WARN_ABOUT_RETURN_TYPE = YES_ERROR;
				GCC_WARN_UNDECLARED_SELECTOR = YES;
				GCC_WARN_UNINITIALIZED_AUTOS = YES_AGGRESSIVE;
				GCC_WARN_UNUSED_FUNCTION = YES;
				GCC_WARN_UNUSED_VARIABLE = YES;
				IPHONEOS_DEPLOYMENT_TARGET = 16.2;
				MTL_ENABLE_DEBUG_INFO = NO;
				MTL_FAST_MATH = YES;
				SDKROOT = iphoneos;
				SWIFT_COMPILATION_MODE = wholemodule;
				SWIFT_OPTIMIZATION_LEVEL = "-O";
				VALIDATE_PRODUCT = YES;
			};
			name = Release;
		};
		8467B74629AD7318000FD777 /* Debug */ = {
			isa = XCBuildConfiguration;
			buildSettings = {
				ASSETCATALOG_COMPILER_APPICON_NAME = AppIcon;
				ASSETCATALOG_COMPILER_GLOBAL_ACCENT_COLOR_NAME = AccentColor;
				CODE_SIGN_STYLE = Automatic;
				CURRENT_PROJECT_VERSION = 1;
				DEVELOPMENT_ASSET_PATHS = "\"EdTechPlatformApp/Preview Content\"";
				ENABLE_PREVIEWS = YES;
				GENERATE_INFOPLIST_FILE = YES;
				INFOPLIST_KEY_UIApplicationSceneManifest_Generation = YES;
				INFOPLIST_KEY_UIApplicationSupportsIndirectInputEvents = YES;
				INFOPLIST_KEY_UILaunchScreen_Generation = YES;
				INFOPLIST_KEY_UISupportedInterfaceOrientations_iPad = "UIInterfaceOrientationPortrait UIInterfaceOrientationPortraitUpsideDown UIInterfaceOrientationLandscapeLeft UIInterfaceOrientationLandscapeRight";
				INFOPLIST_KEY_UISupportedInterfaceOrientations_iPhone = "UIInterfaceOrientationPortrait UIInterfaceOrientationLandscapeLeft UIInterfaceOrientationLandscapeRight";
				LD_RUNPATH_SEARCH_PATHS = (
					"$(inherited)",
					"@executable_path/Frameworks",
				);
				MARKETING_VERSION = 1.0;
				PRODUCT_BUNDLE_IDENTIFIER = "Mohamad-Alfarra.EdTechPlatformApp";
				PRODUCT_NAME = "$(TARGET_NAME)";
				SWIFT_EMIT_LOC_STRINGS = YES;
				SWIFT_VERSION = 5.0;
				TARGETED_DEVICE_FAMILY = "1,2";
			};
			name = Debug;
		};
		8467B74729AD7318000FD777 /* Release */ = {
			isa = XCBuildConfiguration;
			buildSettings = {
				ASSETCATALOG_COMPILER_APPICON_NAME = AppIcon;
				ASSETCATALOG_COMPILER_GLOBAL_ACCENT_COLOR_NAME = AccentColor;
				CODE_SIGN_STYLE = Automatic;
				CURRENT_PROJECT_VERSION = 1;
				DEVELOPMENT_ASSET_PATHS = "\"EdTechPlatformApp/Preview Content\"";
				ENABLE_PREVIEWS = YES;
				GENERATE_INFOPLIST_FILE = YES;
				INFOPLIST_KEY_UIApplicationSceneManifest_Generation = YES;
				INFOPLIST_KEY_UIApplicationSupportsIndirectInputEvents = YES;
				INFOPLIST_KEY_UILaunchScreen_Generation = YES;
				INFOPLIST_KEY_UISupportedInterfaceOrientations_iPad = "UIInterfaceOrientationPortrait UIInterfaceOrientationPortraitUpsideDown UIInterfaceOrientationLandscapeLeft UIInterfaceOrientationLandscapeRight";
				INFOPLIST_KEY_UISupportedInterfaceOrientations_iPhone = "UIInterfaceOrientationPortrait UIInterfaceOrientationLandscapeLeft UIInterfaceOrientationLandscapeRight";
				LD_RUNPATH_SEARCH_PATHS = (
					"$(inherited)",
					"@executable_path/Frameworks",
				);
				MARKETING_VERSION = 1.0;
				PRODUCT_BUNDLE_IDENTIFIER = "Mohamad-Alfarra.EdTechPlatformApp";
				PRODUCT_NAME = "$(TARGET_NAME)";
				SWIFT_EMIT_LOC_STRINGS = YES;
				SWIFT_VERSION = 5.0;
				TARGETED_DEVICE_FAMILY = "1,2";
			};
			name = Release;
		};
/* End XCBuildConfiguration section */

/* Begin XCConfigurationList section */
		8467B73229AD7313000FD777 /* Build configuration list for PBXProject "EdTechPlatformApp" */ = {
			isa = XCConfigurationList;
			buildConfigurations = (
				8467B74329AD7318000FD777 /* Debug */,
				8467B74429AD7318000FD777 /* Release */,
			);
			defaultConfigurationIsVisible = 0;
			defaultConfigurationName = Release;
		};
		8467B74529AD7318000FD777 /* Build configuration list for PBXNativeTarget "EdTechPlatformApp" */ = {
			isa = XCConfigurationList;
			buildConfigurations = (
				8467B74629AD7318000FD777 /* Debug */,
				8467B74729AD7318000FD777 /* Release */,
			);
			defaultConfigurationIsVisible = 0;
			defaultConfigurationName = Release;
		};
/* End XCConfigurationList section */
	};
	rootObject = 8467B72F29AD7313000FD777 /* Project object */;
}
